
Microsoft Visual Studio Solution File, Format Version 12.00
# Visual Studio Version 17
VisualStudioVersion = 17.0.31903.59
MinimumVisualStudioVersion = 10.0.40219.1
Project("{FAE04EC0-301F-11D3-BF4B-00C04F79EFBC}") = "TimeSlotCore", "TimeSlotCore\TimeSlotCore.csproj", "{7FC0B710-1CC5-4145-8331-B12472B49B51}"
EndProject
Project("{FAE04EC0-301F-11D3-BF4B-00C04F79EFBC}") = "TimeSlotCore.Tests", "TimeSlotCore.Tests\TimeSlotCore.Tests.csproj", "{ED68B5D4-5D58-4BA6-A4C9-144250F92442}"
EndProject
Project("{FAE04EC0-301F-11D3-BF4B-00C04F79EFBC}") = "TimeSlotCli", "TimeSlotCli\TimeSlotCli.csproj", "{0725C418-A729-4EEE-8250-CFC547B55BEA}"
EndProject
Global
	GlobalSection(SolutionConfigurationPlatforms) = preSolution
		Debug|Any CPU = Debug|Any CPU
		Release|Any CPU = Release|Any CPU
	EndGlobalSection
	GlobalSection(SolutionProperties) = preSolution
		HideSolutionNode = FALSE
	EndGlobalSection
	GlobalSection(ProjectConfigurationPlatforms) = postSolution
		{7FC0B710-1CC5-4145-8331-B12472B49B51}.Debug|Any CPU.ActiveCfg = Debug|Any CPU
		{7FC0B710-1CC5-4145-8331-B12472B49B51}.Debug|Any CPU.Build.0 = Debug|Any CPU
		{7FC0B710-1CC5-4145-8331-B12472B49B51}.Release|Any CPU.ActiveCfg = Release|Any CPU
		{7FC0B710-1CC5-4145-8331-B12472B49B51}.Release|Any CPU.Build.0 = Release|Any CPU
		{ED68B5D4-5D58-4BA6-A4C9-144250F92442}.Debug|Any CPU.ActiveCfg = Debug|Any CPU
		{ED68B5D4-5D58-4BA6-A4C9-144250F92442}.Debug|Any CPU.Build.0 = Debug|Any CPU
		{ED68B5D4-5D58-4BA6-A4C9-144250F92442}.Release|Any CPU.ActiveCfg = Release|Any CPU
		{ED68B5D4-5D58-4BA6-A4C9-144250F92442}.Release|Any CPU.Build.0 = Release|Any CPU
		{0725C418-A729-4EEE-8250-CFC547B55BEA}.Debug|Any CPU.ActiveCfg = Debug|Any CPU
		{0725C418-A729-4EEE-8250-CFC547B55BEA}.Debug|Any CPU.Build.0 = Debug|Any CPU
		{0725C418-A729-4EEE-8250-CFC547B55BEA}.Release|Any CPU.ActiveCfg = Release|Any CPU
		{0725C418-A729-4EEE-8250-CFC547B55BEA}.Release|Any CPU.Build.0 = Release|Any CPU
	EndGlobalSection
EndGlobal
